// !$*UTF8*$!
{
	archiveVersion = 1;
	classes = {
	};
	objectVersion = 46;
	objects = {

/* Begin PBXBuildFile section */
		B00CB44A1D9A6D5100174E6F /* CropperViewController.swift in Sources */ = {isa = PBXBuildFile; fileRef = B00CB4491D9A6D5100174E6F /* CropperViewController.swift */; };
		B00CB44F1D9D7FA300174E6F /* ResultViewController.swift in Sources */ = {isa = PBXBuildFile; fileRef = B00CB44E1D9D7FA300174E6F /* ResultViewController.swift */; };
		B00CB4511D9E278000174E6F /* UIStoryboardExtension.swift in Sources */ = {isa = PBXBuildFile; fileRef = B00CB4501D9E278000174E6F /* UIStoryboardExtension.swift */; };
		B00CB4531D9E27E100174E6F /* UIViewControllerExtension.swift in Sources */ = {isa = PBXBuildFile; fileRef = B00CB4521D9E27E100174E6F /* UIViewControllerExtension.swift */; };
		B0ED900E1D93DF0D005C4A99 /* AppDelegate.swift in Sources */ = {isa = PBXBuildFile; fileRef = B0ED900D1D93DF0D005C4A99 /* AppDelegate.swift */; };
		B0ED90131D93DF0D005C4A99 /* Main.storyboard in Resources */ = {isa = PBXBuildFile; fileRef = B0ED90111D93DF0D005C4A99 /* Main.storyboard */; };
		B0ED90151D93DF0D005C4A99 /* Assets.xcassets in Resources */ = {isa = PBXBuildFile; fileRef = B0ED90141D93DF0D005C4A99 /* Assets.xcassets */; };
		B0ED90181D93DF0D005C4A99 /* LaunchScreen.storyboard in Resources */ = {isa = PBXBuildFile; fileRef = B0ED90161D93DF0D005C4A99 /* LaunchScreen.storyboard */; };
		B0ED90201D93E2A2005C4A99 /* .gitignore in Resources */ = {isa = PBXBuildFile; fileRef = B0ED901F1D93E2A2005C4A99 /* .gitignore */; };
		B0ED90231D93E3A0005C4A99 /* tessdata in Resources */ = {isa = PBXBuildFile; fileRef = B0ED90211D93E3A0005C4A99 /* tessdata */; };
		B0ED90241D93E3A0005C4A99 /* TesseractOCR.framework in Frameworks */ = {isa = PBXBuildFile; fileRef = B0ED90221D93E3A0005C4A99 /* TesseractOCR.framework */; };
		B0ED90261D93E59C005C4A99 /* CameraViewController.swift in Sources */ = {isa = PBXBuildFile; fileRef = B0ED90251D93E59C005C4A99 /* CameraViewController.swift */; };
		B0ED90281D93E72B005C4A99 /* OCRManager.swift in Sources */ = {isa = PBXBuildFile; fileRef = B0ED90271D93E72B005C4A99 /* OCRManager.swift */; };
		B0ED902A1D93E7CE005C4A99 /* libstdc++.6.0.9.tbd in Frameworks */ = {isa = PBXBuildFile; fileRef = B0ED90291D93E7CE005C4A99 /* libstdc++.6.0.9.tbd */; };
		B0ED902C1D93E7D5005C4A99 /* CoreImage.framework in Frameworks */ = {isa = PBXBuildFile; fileRef = B0ED902B1D93E7D5005C4A99 /* CoreImage.framework */; };
/* End PBXBuildFile section */

/* Begin PBXFileReference section */
		B00CB4491D9A6D5100174E6F /* CropperViewController.swift */ = {isa = PBXFileReference; fileEncoding = 4; lastKnownFileType = sourcecode.swift; path = CropperViewController.swift; sourceTree = "<group>"; };
		B00CB44E1D9D7FA300174E6F /* ResultViewController.swift */ = {isa = PBXFileReference; fileEncoding = 4; lastKnownFileType = sourcecode.swift; path = ResultViewController.swift; sourceTree = "<group>"; };
		B00CB4501D9E278000174E6F /* UIStoryboardExtension.swift */ = {isa = PBXFileReference; fileEncoding = 4; lastKnownFileType = sourcecode.swift; path = UIStoryboardExtension.swift; sourceTree = "<group>"; };
		B00CB4521D9E27E100174E6F /* UIViewControllerExtension.swift */ = {isa = PBXFileReference; fileEncoding = 4; lastKnownFileType = sourcecode.swift; path = UIViewControllerExtension.swift; sourceTree = "<group>"; };
		B0ED900A1D93DF0D005C4A99 /* SmartRecharge.app */ = {isa = PBXFileReference; explicitFileType = wrapper.application; includeInIndex = 0; path = SmartRecharge.app; sourceTree = BUILT_PRODUCTS_DIR; };
		B0ED900D1D93DF0D005C4A99 /* AppDelegate.swift */ = {isa = PBXFileReference; lastKnownFileType = sourcecode.swift; path = AppDelegate.swift; sourceTree = "<group>"; };
		B0ED90121D93DF0D005C4A99 /* Base */ = {isa = PBXFileReference; lastKnownFileType = file.storyboard; name = Base; path = Base.lproj/Main.storyboard; sourceTree = "<group>"; };
		B0ED90141D93DF0D005C4A99 /* Assets.xcassets */ = {isa = PBXFileReference; lastKnownFileType = folder.assetcatalog; path = Assets.xcassets; sourceTree = "<group>"; };
		B0ED90171D93DF0D005C4A99 /* Base */ = {isa = PBXFileReference; lastKnownFileType = file.storyboard; name = Base; path = Base.lproj/LaunchScreen.storyboard; sourceTree = "<group>"; };
		B0ED90191D93DF0D005C4A99 /* Info.plist */ = {isa = PBXFileReference; lastKnownFileType = text.plist.xml; path = Info.plist; sourceTree = "<group>"; };
		B0ED901F1D93E2A2005C4A99 /* .gitignore */ = {isa = PBXFileReference; fileEncoding = 4; lastKnownFileType = text; path = .gitignore; sourceTree = "<group>"; };
		B0ED90211D93E3A0005C4A99 /* tessdata */ = {isa = PBXFileReference; lastKnownFileType = folder; path = tessdata; sourceTree = "<group>"; };
		B0ED90221D93E3A0005C4A99 /* TesseractOCR.framework */ = {isa = PBXFileReference; lastKnownFileType = wrapper.framework; path = TesseractOCR.framework; sourceTree = "<group>"; };
		B0ED90251D93E59C005C4A99 /* CameraViewController.swift */ = {isa = PBXFileReference; fileEncoding = 4; lastKnownFileType = sourcecode.swift; path = CameraViewController.swift; sourceTree = "<group>"; };
		B0ED90271D93E72B005C4A99 /* OCRManager.swift */ = {isa = PBXFileReference; fileEncoding = 4; lastKnownFileType = sourcecode.swift; path = OCRManager.swift; sourceTree = "<group>"; };
		B0ED90291D93E7CE005C4A99 /* libstdc++.6.0.9.tbd */ = {isa = PBXFileReference; lastKnownFileType = "sourcecode.text-based-dylib-definition"; name = "libstdc++.6.0.9.tbd"; path = "usr/lib/libstdc++.6.0.9.tbd"; sourceTree = SDKROOT; };
		B0ED902B1D93E7D5005C4A99 /* CoreImage.framework */ = {isa = PBXFileReference; lastKnownFileType = wrapper.framework; name = CoreImage.framework; path = System/Library/Frameworks/CoreImage.framework; sourceTree = SDKROOT; };
		B0ED902D1D93E877005C4A99 /* SmartRecharge-Bridging-Header.h */ = {isa = PBXFileReference; lastKnownFileType = sourcecode.c.h; path = "SmartRecharge-Bridging-Header.h"; sourceTree = "<group>"; };
/* End PBXFileReference section */

/* Begin PBXFrameworksBuildPhase section */
		B0ED90071D93DF0D005C4A99 /* Frameworks */ = {
			isa = PBXFrameworksBuildPhase;
			buildActionMask = 2147483647;
			files = (
				B0ED902C1D93E7D5005C4A99 /* CoreImage.framework in Frameworks */,
				B0ED902A1D93E7CE005C4A99 /* libstdc++.6.0.9.tbd in Frameworks */,
				B0ED90241D93E3A0005C4A99 /* TesseractOCR.framework in Frameworks */,
			);
			runOnlyForDeploymentPostprocessing = 0;
		};
/* End PBXFrameworksBuildPhase section */

/* Begin PBXGroup section */
		B00CB4541D9E375B00174E6F /* Extensions */ = {
			isa = PBXGroup;
			children = (
				B00CB4521D9E27E100174E6F /* UIViewControllerExtension.swift */,
				B00CB4501D9E278000174E6F /* UIStoryboardExtension.swift */,
			);
			name = Extensions;
			sourceTree = "<group>";
		};
		B0ED90011D93DF0D005C4A99 = {
			isa = PBXGroup;
			children = (
				B0ED901F1D93E2A2005C4A99 /* .gitignore */,
				B0ED900C1D93DF0D005C4A99 /* SmartRecharge */,
				B0ED900B1D93DF0D005C4A99 /* Products */,
			);
			sourceTree = "<group>";
		};
		B0ED900B1D93DF0D005C4A99 /* Products */ = {
			isa = PBXGroup;
			children = (
				B0ED900A1D93DF0D005C4A99 /* SmartRecharge.app */,
			);
			name = Products;
			sourceTree = "<group>";
		};
		B0ED900C1D93DF0D005C4A99 /* SmartRecharge */ = {
			isa = PBXGroup;
			children = (
				B00CB4541D9E375B00174E6F /* Extensions */,
				B0ED90321D93E96C005C4A99 /* lib */,
				B0ED90311D93E94C005C4A99 /* Support */,
				B0ED900D1D93DF0D005C4A99 /* AppDelegate.swift */,
				B0ED90111D93DF0D005C4A99 /* Main.storyboard */,
				B0ED90141D93DF0D005C4A99 /* Assets.xcassets */,
				B0ED90161D93DF0D005C4A99 /* LaunchScreen.storyboard */,
				B0ED90191D93DF0D005C4A99 /* Info.plist */,
				B0ED90251D93E59C005C4A99 /* CameraViewController.swift */,
				B0ED90271D93E72B005C4A99 /* OCRManager.swift */,
				B0ED902D1D93E877005C4A99 /* SmartRecharge-Bridging-Header.h */,
				B00CB4491D9A6D5100174E6F /* CropperViewController.swift */,
				B00CB44E1D9D7FA300174E6F /* ResultViewController.swift */,
			);
			path = SmartRecharge;
			sourceTree = "<group>";
		};
		B0ED90311D93E94C005C4A99 /* Support */ = {
			isa = PBXGroup;
			children = (
				B0ED90211D93E3A0005C4A99 /* tessdata */,
			);
			name = Support;
			sourceTree = "<group>";
		};
		B0ED90321D93E96C005C4A99 /* lib */ = {
			isa = PBXGroup;
			children = (
				B0ED90291D93E7CE005C4A99 /* libstdc++.6.0.9.tbd */,
				B0ED902B1D93E7D5005C4A99 /* CoreImage.framework */,
				B0ED90221D93E3A0005C4A99 /* TesseractOCR.framework */,
			);
			name = lib;
			sourceTree = "<group>";
		};
/* End PBXGroup section */

/* Begin PBXNativeTarget section */
		B0ED90091D93DF0D005C4A99 /* SmartRecharge */ = {
			isa = PBXNativeTarget;
			buildConfigurationList = B0ED901C1D93DF0D005C4A99 /* Build configuration list for PBXNativeTarget "SmartRecharge" */;
			buildPhases = (
				B0ED90061D93DF0D005C4A99 /* Sources */,
				B0ED90071D93DF0D005C4A99 /* Frameworks */,
				B0ED90081D93DF0D005C4A99 /* Resources */,
			);
			buildRules = (
			);
			dependencies = (
			);
			name = SmartRecharge;
			productName = SmartRecharge;
			productReference = B0ED900A1D93DF0D005C4A99 /* SmartRecharge.app */;
			productType = "com.apple.product-type.application";
		};
/* End PBXNativeTarget section */

/* Begin PBXProject section */
		B0ED90021D93DF0D005C4A99 /* Project object */ = {
			isa = PBXProject;
			attributes = {
				LastSwiftUpdateCheck = 0730;
				LastUpgradeCheck = 0730;
				ORGANIZATIONNAME = iOSHub;
				TargetAttributes = {
					B0ED90091D93DF0D005C4A99 = {
						CreatedOnToolsVersion = 7.3;
						DevelopmentTeam = 4XE2P8XZF9;
						LastSwiftMigration = 0800;
					};
				};
			};
			buildConfigurationList = B0ED90051D93DF0D005C4A99 /* Build configuration list for PBXProject "SmartRecharge" */;
			compatibilityVersion = "Xcode 3.2";
			developmentRegion = English;
			hasScannedForEncodings = 0;
			knownRegions = (
				en,
				Base,
			);
			mainGroup = B0ED90011D93DF0D005C4A99;
			productRefGroup = B0ED900B1D93DF0D005C4A99 /* Products */;
			projectDirPath = "";
			projectRoot = "";
			targets = (
				B0ED90091D93DF0D005C4A99 /* SmartRecharge */,
			);
		};
/* End PBXProject section */

/* Begin PBXResourcesBuildPhase section */
		B0ED90081D93DF0D005C4A99 /* Resources */ = {
			isa = PBXResourcesBuildPhase;
			buildActionMask = 2147483647;
			files = (
				B0ED90201D93E2A2005C4A99 /* .gitignore in Resources */,
				B0ED90181D93DF0D005C4A99 /* LaunchScreen.storyboard in Resources */,
				B0ED90231D93E3A0005C4A99 /* tessdata in Resources */,
				B0ED90151D93DF0D005C4A99 /* Assets.xcassets in Resources */,
				B0ED90131D93DF0D005C4A99 /* Main.storyboard in Resources */,
			);
			runOnlyForDeploymentPostprocessing = 0;
		};
/* End PBXResourcesBuildPhase section */

/* Begin PBXSourcesBuildPhase section */
		B0ED90061D93DF0D005C4A99 /* Sources */ = {
			isa = PBXSourcesBuildPhase;
			buildActionMask = 2147483647;
			files = (
				B0ED90281D93E72B005C4A99 /* OCRManager.swift in Sources */,
				B0ED900E1D93DF0D005C4A99 /* AppDelegate.swift in Sources */,
				B0ED90261D93E59C005C4A99 /* CameraViewController.swift in Sources */,
				B00CB4511D9E278000174E6F /* UIStoryboardExtension.swift in Sources */,
				B00CB4531D9E27E100174E6F /* UIViewControllerExtension.swift in Sources */,
				B00CB44A1D9A6D5100174E6F /* CropperViewController.swift in Sources */,
				B00CB44F1D9D7FA300174E6F /* ResultViewController.swift in Sources */,
			);
			runOnlyForDeploymentPostprocessing = 0;
		};
/* End PBXSourcesBuildPhase section */

/* Begin PBXVariantGroup section */
		B0ED90111D93DF0D005C4A99 /* Main.storyboard */ = {
			isa = PBXVariantGroup;
			children = (
				B0ED90121D93DF0D005C4A99 /* Base */,
			);
			name = Main.storyboard;
			sourceTree = "<group>";
		};
		B0ED90161D93DF0D005C4A99 /* LaunchScreen.storyboard */ = {
			isa = PBXVariantGroup;
			children = (
				B0ED90171D93DF0D005C4A99 /* Base */,
			);
			name = LaunchScreen.storyboard;
			sourceTree = "<group>";
		};
/* End PBXVariantGroup section */

/* Begin XCBuildConfiguration section */
		B0ED901A1D93DF0D005C4A99 /* Debug */ = {
			isa = XCBuildConfiguration;
			buildSettings = {
				ALWAYS_SEARCH_USER_PATHS = NO;
				CLANG_ANALYZER_NONNULL = YES;
				CLANG_CXX_LANGUAGE_STANDARD = "gnu++0x";
				CLANG_CXX_LIBRARY = "libc++";
				CLANG_ENABLE_MODULES = YES;
				CLANG_ENABLE_OBJC_ARC = YES;
				CLANG_WARN_BOOL_CONVERSION = YES;
				CLANG_WARN_CONSTANT_CONVERSION = YES;
				CLANG_WARN_DIRECT_OBJC_ISA_USAGE = YES_ERROR;
				CLANG_WARN_EMPTY_BODY = YES;
				CLANG_WARN_ENUM_CONVERSION = YES;
				CLANG_WARN_INT_CONVERSION = YES;
				CLANG_WARN_OBJC_ROOT_CLASS = YES_ERROR;
				CLANG_WARN_UNREACHABLE_CODE = YES;
				CLANG_WARN__DUPLICATE_METHOD_MATCH = YES;
				"CODE_SIGN_IDENTITY[sdk=iphoneos*]" = "iPhone Developer";
				COPY_PHASE_STRIP = NO;
				DEBUG_INFORMATION_FORMAT = dwarf;
				ENABLE_STRICT_OBJC_MSGSEND = YES;
				ENABLE_TESTABILITY = YES;
				GCC_C_LANGUAGE_STANDARD = gnu99;
				GCC_DYNAMIC_NO_PIC = NO;
				GCC_NO_COMMON_BLOCKS = YES;
				GCC_OPTIMIZATION_LEVEL = 0;
				GCC_PREPROCESSOR_DEFINITIONS = (
					"DEBUG=1",
					"$(inherited)",
				);
				GCC_WARN_64_TO_32_BIT_CONVERSION = YES;
				GCC_WARN_ABOUT_RETURN_TYPE = YES_ERROR;
				GCC_WARN_UNDECLARED_SELECTOR = YES;
				GCC_WARN_UNINITIALIZED_AUTOS = YES_AGGRESSIVE;
				GCC_WARN_UNUSED_FUNCTION = YES;
				GCC_WARN_UNUSED_VARIABLE = YES;
				IPHONEOS_DEPLOYMENT_TARGET = 9.3;
				MTL_ENABLE_DEBUG_INFO = YES;
				ONLY_ACTIVE_ARCH = YES;
				SDKROOT = iphoneos;
				SWIFT_OPTIMIZATION_LEVEL = "-Onone";
				TARGETED_DEVICE_FAMILY = "1,2";
			};
			name = Debug;
		};
		B0ED901B1D93DF0D005C4A99 /* Release */ = {
			isa = XCBuildConfiguration;
			buildSettings = {
				ALWAYS_SEARCH_USER_PATHS = NO;
				CLANG_ANALYZER_NONNULL = YES;
				CLANG_CXX_LANGUAGE_STANDARD = "gnu++0x";
				CLANG_CXX_LIBRARY = "libc++";
				CLANG_ENABLE_MODULES = YES;
				CLANG_ENABLE_OBJC_ARC = YES;
				CLANG_WARN_BOOL_CONVERSION = YES;
				CLANG_WARN_CONSTANT_CONVERSION = YES;
				CLANG_WARN_DIRECT_OBJC_ISA_USAGE = YES_ERROR;
				CLANG_WARN_EMPTY_BODY = YES;
				CLANG_WARN_ENUM_CONVERSION = YES;
				CLANG_WARN_INT_CONVERSION = YES;
				CLANG_WARN_OBJC_ROOT_CLASS = YES_ERROR;
				CLANG_WARN_UNREACHABLE_CODE = YES;
				CLANG_WARN__DUPLICATE_METHOD_MATCH = YES;
				"CODE_SIGN_IDENTITY[sdk=iphoneos*]" = "iPhone Developer";
				COPY_PHASE_STRIP = NO;
				DEBUG_INFORMATION_FORMAT = "dwarf-with-dsym";
				ENABLE_NS_ASSERTIONS = NO;
				ENABLE_STRICT_OBJC_MSGSEND = YES;
				GCC_C_LANGUAGE_STANDARD = gnu99;
				GCC_NO_COMMON_BLOCKS = YES;
				GCC_WARN_64_TO_32_BIT_CONVERSION = YES;
				GCC_WARN_ABOUT_RETURN_TYPE = YES_ERROR;
				GCC_WARN_UNDECLARED_SELECTOR = YES;
				GCC_WARN_UNINITIALIZED_AUTOS = YES_AGGRESSIVE;
				GCC_WARN_UNUSED_FUNCTION = YES;
				GCC_WARN_UNUSED_VARIABLE = YES;
				IPHONEOS_DEPLOYMENT_TARGET = 9.3;
				MTL_ENABLE_DEBUG_INFO = NO;
				SDKROOT = iphoneos;
				TARGETED_DEVICE_FAMILY = "1,2";
				VALIDATE_PRODUCT = YES;
			};
			name = Release;
		};
		B0ED901D1D93DF0D005C4A99 /* Debug */ = {
			isa = XCBuildConfiguration;
			buildSettings = {
				ASSETCATALOG_COMPILER_APPICON_NAME = AppIcon;
				CLANG_CXX_LIBRARY = "compiler-default";
				CLANG_ENABLE_MODULES = YES;
				CODE_SIGN_IDENTITY = "iPhone Developer";
				DEVELOPMENT_TEAM = 4XE2P8XZF9;
				ENABLE_BITCODE = NO;
				FRAMEWORK_SEARCH_PATHS = (
					"$(inherited)",
					"$(PROJECT_DIR)/SmartRecharge",
				);
				INFOPLIST_FILE = SmartRecharge/Info.plist;
				IPHONEOS_DEPLOYMENT_TARGET = 9.0;
				LD_RUNPATH_SEARCH_PATHS = "$(inherited) @executable_path/Frameworks";
				OTHER_LDFLAGS = "-lstdc++";
				PRODUCT_BUNDLE_IDENTIFIER = io.smartrecharge;
				PRODUCT_NAME = "$(TARGET_NAME)";
				SWIFT_OBJC_BRIDGING_HEADER = "SmartRecharge/SmartRecharge-Bridging-Header.h";
				SWIFT_OPTIMIZATION_LEVEL = "-Onone";
				SWIFT_VERSION = 3.0;
			};
			name = Debug;
		};
		B0ED901E1D93DF0D005C4A99 /* Release */ = {
			isa = XCBuildConfiguration;
			buildSettings = {
				ASSETCATALOG_COMPILER_APPICON_NAME = AppIcon;
				CLANG_CXX_LIBRARY = "compiler-default";
				CLANG_ENABLE_MODULES = YES;
				CODE_SIGN_IDENTITY = "iPhone Developer";
				DEVELOPMENT_TEAM = 4XE2P8XZF9;
				ENABLE_BITCODE = NO;
				FRAMEWORK_SEARCH_PATHS = (
					"$(inherited)",
					"$(PROJECT_DIR)/SmartRecharge",
				);
				INFOPLIST_FILE = SmartRecharge/Info.plist;
				IPHONEOS_DEPLOYMENT_TARGET = 9.0;
				LD_RUNPATH_SEARCH_PATHS = "$(inherited) @executable_path/Frameworks";
				OTHER_LDFLAGS = "-lstdc++";
				PRODUCT_BUNDLE_IDENTIFIER = io.smartrecharge;
				PRODUCT_NAME = "$(TARGET_NAME)";
				SWIFT_OBJC_BRIDGING_HEADER = "SmartRecharge/SmartRecharge-Bridging-Header.h";
				SWIFT_VERSION = 3.0;
			};
			name = Release;
		};
/* End XCBuildConfiguration section */

/* Begin XCConfigurationList section */
		B0ED90051D93DF0D005C4A99 /* Build configuration list for PBXProject "SmartRecharge" */ = {
			isa = XCConfigurationList;
			buildConfigurations = (
				B0ED901A1D93DF0D005C4A99 /* Debug */,
				B0ED901B1D93DF0D005C4A99 /* Release */,
			);
			defaultConfigurationIsVisible = 0;
			defaultConfigurationName = Release;
		};
		B0ED901C1D93DF0D005C4A99 /* Build configuration list for PBXNativeTarget "SmartRecharge" */ = {
			isa = XCConfigurationList;
			buildConfigurations = (
				B0ED901D1D93DF0D005C4A99 /* Debug */,
				B0ED901E1D93DF0D005C4A99 /* Release */,
			);
			defaultConfigurationIsVisible = 0;
			defaultConfigurationName = Release;
		};
/* End XCConfigurationList section */
	};
	rootObject = B0ED90021D93DF0D005C4A99 /* Project object */;
}
